// !$*UTF8*$!
{
	archiveVersion = 1;
	classes = {
	};
	objectVersion = 46;
	objects = {

/* Begin PBXBuildFile section */
		D410C5881EBCE05E00635FB4 /* AppDelegate.swift in Sources */ = {isa = PBXBuildFile; fileRef = D410C5871EBCE05E00635FB4 /* AppDelegate.swift */; };
		D410C58A1EBCE05E00635FB4 /* ViewController.swift in Sources */ = {isa = PBXBuildFile; fileRef = D410C5891EBCE05E00635FB4 /* ViewController.swift */; };
		D410C58D1EBCE05E00635FB4 /* Main.storyboard in Resources */ = {isa = PBXBuildFile; fileRef = D410C58B1EBCE05E00635FB4 /* Main.storyboard */; };
		D410C58F1EBCE05E00635FB4 /* Assets.xcassets in Resources */ = {isa = PBXBuildFile; fileRef = D410C58E1EBCE05E00635FB4 /* Assets.xcassets */; };
		D410C5921EBCE05E00635FB4 /* LaunchScreen.storyboard in Resources */ = {isa = PBXBuildFile; fileRef = D410C5901EBCE05E00635FB4 /* LaunchScreen.storyboard */; };
		D410C59D1EBCE05E00635FB4 /* CalculatorTests.swift in Sources */ = {isa = PBXBuildFile; fileRef = D410C59C1EBCE05E00635FB4 /* CalculatorTests.swift */; };
		D42D5BF71EC5D83100A4A793 /* Assets.xcassets in Resources */ = {isa = PBXBuildFile; fileRef = D410C58E1EBCE05E00635FB4 /* Assets.xcassets */; };
		D4ABC8341EBDF8AB00362B96 /* CalculatorBrain.swift in Sources */ = {isa = PBXBuildFile; fileRef = D4ABC8331EBDF8AB00362B96 /* CalculatorBrain.swift */; };
/* End PBXBuildFile section */

/* Begin PBXContainerItemProxy section */
		D410C5991EBCE05E00635FB4 /* PBXContainerItemProxy */ = {
			isa = PBXContainerItemProxy;
			containerPortal = D410C57C1EBCE05E00635FB4 /* Project object */;
			proxyType = 1;
			remoteGlobalIDString = D410C5831EBCE05E00635FB4;
			remoteInfo = Calculator;
		};
/* End PBXContainerItemProxy section */

/* Begin PBXFileReference section */
		D410C5841EBCE05E00635FB4 /* Calculator.app */ = {isa = PBXFileReference; explicitFileType = wrapper.application; includeInIndex = 0; path = Calculator.app; sourceTree = BUILT_PRODUCTS_DIR; };
		D410C5871EBCE05E00635FB4 /* AppDelegate.swift */ = {isa = PBXFileReference; lastKnownFileType = sourcecode.swift; path = AppDelegate.swift; sourceTree = "<group>"; };
		D410C5891EBCE05E00635FB4 /* ViewController.swift */ = {isa = PBXFileReference; lastKnownFileType = sourcecode.swift; path = ViewController.swift; sourceTree = "<group>"; };
		D410C58C1EBCE05E00635FB4 /* Base */ = {isa = PBXFileReference; lastKnownFileType = file.storyboard; name = Base; path = Base.lproj/Main.storyboard; sourceTree = "<group>"; };
		D410C58E1EBCE05E00635FB4 /* Assets.xcassets */ = {isa = PBXFileReference; lastKnownFileType = folder.assetcatalog; path = Assets.xcassets; sourceTree = "<group>"; };
		D410C5911EBCE05E00635FB4 /* Base */ = {isa = PBXFileReference; lastKnownFileType = file.storyboard; name = Base; path = Base.lproj/LaunchScreen.storyboard; sourceTree = "<group>"; };
		D410C5931EBCE05E00635FB4 /* Info.plist */ = {isa = PBXFileReference; lastKnownFileType = text.plist.xml; path = Info.plist; sourceTree = "<group>"; };
		D410C5981EBCE05E00635FB4 /* CalculatorTests.xctest */ = {isa = PBXFileReference; explicitFileType = wrapper.cfbundle; includeInIndex = 0; path = CalculatorTests.xctest; sourceTree = BUILT_PRODUCTS_DIR; };
		D410C59C1EBCE05E00635FB4 /* CalculatorTests.swift */ = {isa = PBXFileReference; lastKnownFileType = sourcecode.swift; path = CalculatorTests.swift; sourceTree = "<group>"; };
		D410C59E1EBCE05E00635FB4 /* Info.plist */ = {isa = PBXFileReference; lastKnownFileType = text.plist.xml; path = Info.plist; sourceTree = "<group>"; };
		D4ABC8331EBDF8AB00362B96 /* CalculatorBrain.swift */ = {isa = PBXFileReference; fileEncoding = 4; lastKnownFileType = sourcecode.swift; path = CalculatorBrain.swift; sourceTree = "<group>"; };
/* End PBXFileReference section */

/* Begin PBXFrameworksBuildPhase section */
		D410C5811EBCE05E00635FB4 /* Frameworks */ = {
			isa = PBXFrameworksBuildPhase;
			buildActionMask = 2147483647;
			files = (
			);
			runOnlyForDeploymentPostprocessing = 0;
		};
		D410C5951EBCE05E00635FB4 /* Frameworks */ = {
			isa = PBXFrameworksBuildPhase;
			buildActionMask = 2147483647;
			files = (
			);
			runOnlyForDeploymentPostprocessing = 0;
		};
/* End PBXFrameworksBuildPhase section */

/* Begin PBXGroup section */
		D410C57B1EBCE05E00635FB4 = {
			isa = PBXGroup;
			children = (
				D410C5861EBCE05E00635FB4 /* Calculator */,
				D410C59B1EBCE05E00635FB4 /* CalculatorTests */,
				D410C5851EBCE05E00635FB4 /* Products */,
			);
			sourceTree = "<group>";
		};
		D410C5851EBCE05E00635FB4 /* Products */ = {
			isa = PBXGroup;
			children = (
				D410C5841EBCE05E00635FB4 /* Calculator.app */,
				D410C5981EBCE05E00635FB4 /* CalculatorTests.xctest */,
			);
			name = Products;
			sourceTree = "<group>";
		};
		D410C5861EBCE05E00635FB4 /* Calculator */ = {
			isa = PBXGroup;
			children = (
				D410C5871EBCE05E00635FB4 /* AppDelegate.swift */,
				D410C5891EBCE05E00635FB4 /* ViewController.swift */,
				D410C58B1EBCE05E00635FB4 /* Main.storyboard */,
				D4ABC8331EBDF8AB00362B96 /* CalculatorBrain.swift */,
				D410C58E1EBCE05E00635FB4 /* Assets.xcassets */,
				D410C5901EBCE05E00635FB4 /* LaunchScreen.storyboard */,
				D410C5931EBCE05E00635FB4 /* Info.plist */,
			);
			path = Calculator;
			sourceTree = "<group>";
		};
		D410C59B1EBCE05E00635FB4 /* CalculatorTests */ = {
			isa = PBXGroup;
			children = (
				D410C59C1EBCE05E00635FB4 /* CalculatorTests.swift */,
				D410C59E1EBCE05E00635FB4 /* Info.plist */,
			);
			path = CalculatorTests;
			sourceTree = "<group>";
		};
/* End PBXGroup section */

/* Begin PBXNativeTarget section */
		D410C5831EBCE05E00635FB4 /* Calculator */ = {
			isa = PBXNativeTarget;
			buildConfigurationList = D410C5A11EBCE05E00635FB4 /* Build configuration list for PBXNativeTarget "Calculator" */;
			buildPhases = (
				D410C5801EBCE05E00635FB4 /* Sources */,
				D410C5811EBCE05E00635FB4 /* Frameworks */,
				D410C5821EBCE05E00635FB4 /* Resources */,
			);
			buildRules = (
			);
			dependencies = (
			);
			name = Calculator;
			productName = Calculator;
			productReference = D410C5841EBCE05E00635FB4 /* Calculator.app */;
			productType = "com.apple.product-type.application";
		};
		D410C5971EBCE05E00635FB4 /* CalculatorTests */ = {
			isa = PBXNativeTarget;
			buildConfigurationList = D410C5A41EBCE05E00635FB4 /* Build configuration list for PBXNativeTarget "CalculatorTests" */;
			buildPhases = (
				D410C5941EBCE05E00635FB4 /* Sources */,
				D410C5951EBCE05E00635FB4 /* Frameworks */,
				D410C5961EBCE05E00635FB4 /* Resources */,
			);
			buildRules = (
			);
			dependencies = (
				D410C59A1EBCE05E00635FB4 /* PBXTargetDependency */,
			);
			name = CalculatorTests;
			productName = CalculatorTests;
			productReference = D410C5981EBCE05E00635FB4 /* CalculatorTests.xctest */;
			productType = "com.apple.product-type.bundle.unit-test";
		};
/* End PBXNativeTarget section */

/* Begin PBXProject section */
		D410C57C1EBCE05E00635FB4 /* Project object */ = {
			isa = PBXProject;
			attributes = {
				LastSwiftUpdateCheck = 0830;
				LastUpgradeCheck = 0830;
				ORGANIZATIONNAME = "Dirk Hornung";
				TargetAttributes = {
					D410C5831EBCE05E00635FB4 = {
						CreatedOnToolsVersion = 8.3.2;
						DevelopmentTeam = 92GPW8PJ56;
						ProvisioningStyle = Automatic;
					};
					D410C5971EBCE05E00635FB4 = {
						CreatedOnToolsVersion = 8.3.2;
						DevelopmentTeam = 92GPW8PJ56;
						ProvisioningStyle = Automatic;
						TestTargetID = D410C5831EBCE05E00635FB4;
					};
				};
			};
			buildConfigurationList = D410C57F1EBCE05E00635FB4 /* Build configuration list for PBXProject "Calculator" */;
			compatibilityVersion = "Xcode 3.2";
			developmentRegion = English;
			hasScannedForEncodings = 0;
			knownRegions = (
				en,
				Base,
			);
			mainGroup = D410C57B1EBCE05E00635FB4;
			productRefGroup = D410C5851EBCE05E00635FB4 /* Products */;
			projectDirPath = "";
			projectRoot = "";
			targets = (
				D410C5831EBCE05E00635FB4 /* Calculator */,
				D410C5971EBCE05E00635FB4 /* CalculatorTests */,
			);
		};
/* End PBXProject section */

/* Begin PBXResourcesBuildPhase section */
		D410C5821EBCE05E00635FB4 /* Resources */ = {
			isa = PBXResourcesBuildPhase;
			buildActionMask = 2147483647;
			files = (
				D410C5921EBCE05E00635FB4 /* LaunchScreen.storyboard in Resources */,
				D410C58F1EBCE05E00635FB4 /* Assets.xcassets in Resources */,
				D410C58D1EBCE05E00635FB4 /* Main.storyboard in Resources */,
			);
			runOnlyForDeploymentPostprocessing = 0;
		};
		D410C5961EBCE05E00635FB4 /* Resources */ = {
			isa = PBXResourcesBuildPhase;
			buildActionMask = 2147483647;
			files = (
				D42D5BF71EC5D83100A4A793 /* Assets.xcassets in Resources */,
			);
			runOnlyForDeploymentPostprocessing = 0;
		};
/* End PBXResourcesBuildPhase section */

/* Begin PBXSourcesBuildPhase section */
		D410C5801EBCE05E00635FB4 /* Sources */ = {
			isa = PBXSourcesBuildPhase;
			buildActionMask = 2147483647;
			files = (
				D4ABC8341EBDF8AB00362B96 /* CalculatorBrain.swift in Sources */,
				D410C58A1EBCE05E00635FB4 /* ViewController.swift in Sources */,
				D410C5881EBCE05E00635FB4 /* AppDelegate.swift in Sources */,
			);
			runOnlyForDeploymentPostprocessing = 0;
		};
		D410C5941EBCE05E00635FB4 /* Sources */ = {
			isa = PBXSourcesBuildPhase;
			buildActionMask = 2147483647;
			files = (
				D410C59D1EBCE05E00635FB4 /* CalculatorTests.swift in Sources */,
			);
			runOnlyForDeploymentPostprocessing = 0;
		};
/* End PBXSourcesBuildPhase section */

/* Begin PBXTargetDependency section */
		D410C59A1EBCE05E00635FB4 /* PBXTargetDependency */ = {
			isa = PBXTargetDependency;
			target = D410C5831EBCE05E00635FB4 /* Calculator */;
			targetProxy = D410C5991EBCE05E00635FB4 /* PBXContainerItemProxy */;
		};
/* End PBXTargetDependency section */

/* Begin PBXVariantGroup section */
		D410C58B1EBCE05E00635FB4 /* Main.storyboard */ = {
			isa = PBXVariantGroup;
			children = (
				D410C58C1EBCE05E00635FB4 /* Base */,
			);
			name = Main.storyboard;
			sourceTree = "<group>";
		};
		D410C5901EBCE05E00635FB4 /* LaunchScreen.storyboard */ = {
			isa = PBXVariantGroup;
			children = (
				D410C5911EBCE05E00635FB4 /* Base */,
			);
			name = LaunchScreen.storyboard;
			sourceTree = "<group>";
		};
/* End PBXVariantGroup section */

/* Begin XCBuildConfiguration section */
		D410C59F1EBCE05E00635FB4 /* Debug */ = {
			isa = XCBuildConfiguration;
			buildSettings = {
				ALWAYS_SEARCH_USER_PATHS = NO;
				CLANG_ANALYZER_NONNULL = YES;
				CLANG_ANALYZER_NUMBER_OBJECT_CONVERSION = YES_AGGRESSIVE;
				CLANG_CXX_LANGUAGE_STANDARD = "gnu++0x";
				CLANG_CXX_LIBRARY = "libc++";
				CLANG_ENABLE_MODULES = YES;
				CLANG_ENABLE_OBJC_ARC = YES;
				CLANG_WARN_BOOL_CONVERSION = YES;
				CLANG_WARN_CONSTANT_CONVERSION = YES;
				CLANG_WARN_DIRECT_OBJC_ISA_USAGE = YES_ERROR;
				CLANG_WARN_DOCUMENTATION_COMMENTS = YES;
				CLANG_WARN_EMPTY_BODY = YES;
				CLANG_WARN_ENUM_CONVERSION = YES;
				CLANG_WARN_INFINITE_RECURSION = YES;
				CLANG_WARN_INT_CONVERSION = YES;
				CLANG_WARN_OBJC_ROOT_CLASS = YES_ERROR;
				CLANG_WARN_SUSPICIOUS_MOVE = YES;
				CLANG_WARN_UNREACHABLE_CODE = YES;
				CLANG_WARN__DUPLICATE_METHOD_MATCH = YES;
				"CODE_SIGN_IDENTITY[sdk=iphoneos*]" = "iPhone Developer";
				COPY_PHASE_STRIP = NO;
				DEBUG_INFORMATION_FORMAT = dwarf;
				ENABLE_STRICT_OBJC_MSGSEND = YES;
				ENABLE_TESTABILITY = YES;
				GCC_C_LANGUAGE_STANDARD = gnu99;
				GCC_DYNAMIC_NO_PIC = NO;
				GCC_NO_COMMON_BLOCKS = YES;
				GCC_OPTIMIZATION_LEVEL = 0;
				GCC_PREPROCESSOR_DEFINITIONS = (
					"DEBUG=1",
					"$(inherited)",
				);
				GCC_WARN_64_TO_32_BIT_CONVERSION = YES;
				GCC_WARN_ABOUT_RETURN_TYPE = YES_ERROR;
				GCC_WARN_UNDECLARED_SELECTOR = YES;
				GCC_WARN_UNINITIALIZED_AUTOS = YES_AGGRESSIVE;
				GCC_WARN_UNUSED_FUNCTION = YES;
				GCC_WARN_UNUSED_VARIABLE = YES;
				IPHONEOS_DEPLOYMENT_TARGET = 10.3;
				MTL_ENABLE_DEBUG_INFO = YES;
				ONLY_ACTIVE_ARCH = YES;
				SDKROOT = iphoneos;
				SWIFT_ACTIVE_COMPILATION_CONDITIONS = DEBUG;
				SWIFT_OPTIMIZATION_LEVEL = "-Onone";
				TARGETED_DEVICE_FAMILY = "1,2";
			};
			name = Debug;
		};
		D410C5A01EBCE05E00635FB4 /* Release */ = {
			isa = XCBuildConfiguration;
			buildSettings = {
				ALWAYS_SEARCH_USER_PATHS = NO;
				CLANG_ANALYZER_NONNULL = YES;
				CLANG_ANALYZER_NUMBER_OBJECT_CONVERSION = YES_AGGRESSIVE;
				CLANG_CXX_LANGUAGE_STANDARD = "gnu++0x";
				CLANG_CXX_LIBRARY = "libc++";
				CLANG_ENABLE_MODULES = YES;
				CLANG_ENABLE_OBJC_ARC = YES;
				CLANG_WARN_BOOL_CONVERSION = YES;
				CLANG_WARN_CONSTANT_CONVERSION = YES;
				CLANG_WARN_DIRECT_OBJC_ISA_USAGE = YES_ERROR;
				CLANG_WARN_DOCUMENTATION_COMMENTS = YES;
				CLANG_WARN_EMPTY_BODY = YES;
				CLANG_WARN_ENUM_CONVERSION = YES;
				CLANG_WARN_INFINITE_RECURSION = YES;
				CLANG_WARN_INT_CONVERSION = YES;
				CLANG_WARN_OBJC_ROOT_CLASS = YES_ERROR;
				CLANG_WARN_SUSPICIOUS_MOVE = YES;
				CLANG_WARN_UNREACHABLE_CODE = YES;
				CLANG_WARN__DUPLICATE_METHOD_MATCH = YES;
				"CODE_SIGN_IDENTITY[sdk=iphoneos*]" = "iPhone Developer";
				COPY_PHASE_STRIP = NO;
				DEBUG_INFORMATION_FORMAT = "dwarf-with-dsym";
				ENABLE_NS_ASSERTIONS = NO;
				ENABLE_STRICT_OBJC_MSGSEND = YES;
				GCC_C_LANGUAGE_STANDARD = gnu99;
				GCC_NO_COMMON_BLOCKS = YES;
				GCC_WARN_64_TO_32_BIT_CONVERSION = YES;
				GCC_WARN_ABOUT_RETURN_TYPE = YES_ERROR;
				GCC_WARN_UNDECLARED_SELECTOR = YES;
				GCC_WARN_UNINITIALIZED_AUTOS = YES_AGGRESSIVE;
				GCC_WARN_UNUSED_FUNCTION = YES;
				GCC_WARN_UNUSED_VARIABLE = YES;
				IPHONEOS_DEPLOYMENT_TARGET = 10.3;
				MTL_ENABLE_DEBUG_INFO = NO;
				SDKROOT = iphoneos;
				SWIFT_OPTIMIZATION_LEVEL = "-Owholemodule";
				TARGETED_DEVICE_FAMILY = "1,2";
				VALIDATE_PRODUCT = YES;
			};
			name = Release;
		};
		D410C5A21EBCE05E00635FB4 /* Debug */ = {
			isa = XCBuildConfiguration;
			buildSettings = {
				ASSETCATALOG_COMPILER_APPICON_NAME = AppIcon;
				DEVELOPMENT_TEAM = 92GPW8PJ56;
				INFOPLIST_FILE = Calculator/Info.plist;
				LD_RUNPATH_SEARCH_PATHS = "$(inherited) @executable_path/Frameworks";
				PRODUCT_BUNDLE_IDENTIFIER = com.Calculator.Dirk.Calculator;
				PRODUCT_NAME = "$(TARGET_NAME)";
				SWIFT_VERSION = 3.0;
			};
			name = Debug;
		};
		D410C5A31EBCE05E00635FB4 /* Release */ = {
			isa = XCBuildConfiguration;
			buildSettings = {
				ASSETCATALOG_COMPILER_APPICON_NAME = AppIcon;
				DEVELOPMENT_TEAM = 92GPW8PJ56;
				INFOPLIST_FILE = Calculator/Info.plist;
				LD_RUNPATH_SEARCH_PATHS = "$(inherited) @executable_path/Frameworks";
				PRODUCT_BUNDLE_IDENTIFIER = com.Calculator.Dirk.Calculator;
				PRODUCT_NAME = "$(TARGET_NAME)";
				SWIFT_VERSION = 3.0;
			};
			name = Release;
		};
		D410C5A51EBCE05E00635FB4 /* Debug */ = {
			isa = XCBuildConfiguration;
			buildSettings = {
				ALWAYS_EMBED_SWIFT_STANDARD_LIBRARIES = YES;
				BUNDLE_LOADER = "$(TEST_HOST)";
				DEVELOPMENT_TEAM = 92GPW8PJ56;
				INFOPLIST_FILE = CalculatorTests/Info.plist;
				LD_RUNPATH_SEARCH_PATHS = "$(inherited) @executable_path/Frameworks @loader_path/Frameworks";
				PRODUCT_BUNDLE_IDENTIFIER = com.Calculator.Dirk.CalculatorTests;
				PRODUCT_NAME = "$(TARGET_NAME)";
				SWIFT_VERSION = 3.0;
				TEST_HOST = "$(BUILT_PRODUCTS_DIR)/Calculator.app/Calculator";
			};
			name = Debug;
		};
		D410C5A61EBCE05E00635FB4 /* Release */ = {
			isa = XCBuildConfiguration;
			buildSettings = {
				ALWAYS_EMBED_SWIFT_STANDARD_LIBRARIES = YES;
				BUNDLE_LOADER = "$(TEST_HOST)";
				DEVELOPMENT_TEAM = 92GPW8PJ56;
				INFOPLIST_FILE = CalculatorTests/Info.plist;
				LD_RUNPATH_SEARCH_PATHS = "$(inherited) @executable_path/Frameworks @loader_path/Frameworks";
				PRODUCT_BUNDLE_IDENTIFIER = com.Calculator.Dirk.CalculatorTests;
				PRODUCT_NAME = "$(TARGET_NAME)";
				SWIFT_VERSION = 3.0;
				TEST_HOST = "$(BUILT_PRODUCTS_DIR)/Calculator.app/Calculator";
			};
			name = Release;
		};
/* End XCBuildConfiguration section */

/* Begin XCConfigurationList section */
		D410C57F1EBCE05E00635FB4 /* Build configuration list for PBXProject "Calculator" */ = {
			isa = XCConfigurationList;
			buildConfigurations = (
				D410C59F1EBCE05E00635FB4 /* Debug */,
				D410C5A01EBCE05E00635FB4 /* Release */,
			);
			defaultConfigurationIsVisible = 0;
			defaultConfigurationName = Release;
		};
		D410C5A11EBCE05E00635FB4 /* Build configuration list for PBXNativeTarget "Calculator" */ = {
			isa = XCConfigurationList;
			buildConfigurations = (
				D410C5A21EBCE05E00635FB4 /* Debug */,
				D410C5A31EBCE05E00635FB4 /* Release */,
			);
			defaultConfigurationIsVisible = 0;
			defaultConfigurationName = Release;
		};
		D410C5A41EBCE05E00635FB4 /* Build configuration list for PBXNativeTarget "CalculatorTests" */ = {
			isa = XCConfigurationList;
			buildConfigurations = (
				D410C5A51EBCE05E00635FB4 /* Debug */,
				D410C5A61EBCE05E00635FB4 /* Release */,
			);
			defaultConfigurationIsVisible = 0;
			defaultConfigurationName = Release;
		};
/* End XCConfigurationList section */
	};
	rootObject = D410C57C1EBCE05E00635FB4 /* Project object */;
}
